
Microsoft Visual Studio Solution File, Format Version 12.00
# Visual Studio Version 17
VisualStudioVersion = 17.0.31903.59
MinimumVisualStudioVersion = 10.0.40219.1
Project("{2150E333-8FDC-42A3-9474-1A3956D46DE8}") = "Arborist", "Arborist", "{C969814F-1565-4465-A349-1EEB1153A3E0}"
EndProject
Project("{FAE04EC0-301F-11D3-BF4B-00C04F79EFBC}") = "Arborist", "Arborist\src\Arborist.csproj", "{A4F8501D-919F-45E8-96DD-58CCC8C605F9}"
EndProject
Project("{FAE04EC0-301F-11D3-BF4B-00C04F79EFBC}") = "Arborist.Tests", "Arborist\test\Arborist.Tests.csproj", "{7F746C19-3150-4766-98A3-265FB49AC908}"
EndProject
Project("{2150E333-8FDC-42A3-9474-1A3956D46DE8}") = "Arborist.CodeGen", "Arborist.CodeGen", "{653762B6-9C8D-4C77-AE77-C19287CE8D84}"
EndProject
Project("{FAE04EC0-301F-11D3-BF4B-00C04F79EFBC}") = "Arborist.CodeGen", "Arborist.CodeGen\src\Arborist.CodeGen.csproj", "{56AC22AC-E072-4E97-9E99-BA9782DA66FB}"
EndProject
Project("{FAE04EC0-301F-11D3-BF4B-00C04F79EFBC}") = "Arborist.CodeGen.Tests", "Arborist.CodeGen\test\Arborist.CodeGen.Tests.csproj", "{E2CBEF8F-A3A9-4AAC-886B-3506A8BFA1BC}"
EndProject
Project("{2150E333-8FDC-42A3-9474-1A3956D46DE8}") = "Arborist.TestFixtures", "Arborist.TestFixtures", "{3E572F24-2766-4E63-A7D5-10BE24D1416A}"
EndProject
Project("{FAE04EC0-301F-11D3-BF4B-00C04F79EFBC}") = "Arborist.TestFixtures", "Arborist.TestFixtures\src\Arborist.TestFixtures.csproj", "{CEF65421-0CEB-4485-A4ED-9F503601DEE3}"
EndProject
Global
	GlobalSection(SolutionConfigurationPlatforms) = preSolution
		Debug|Any CPU = Debug|Any CPU
		Release|Any CPU = Release|Any CPU
	EndGlobalSection
	GlobalSection(SolutionProperties) = preSolution
		HideSolutionNode = FALSE
	EndGlobalSection
	GlobalSection(ProjectConfigurationPlatforms) = postSolution
		{A4F8501D-919F-45E8-96DD-58CCC8C605F9}.Debug|Any CPU.ActiveCfg = Debug|Any CPU
		{A4F8501D-919F-45E8-96DD-58CCC8C605F9}.Debug|Any CPU.Build.0 = Debug|Any CPU
		{A4F8501D-919F-45E8-96DD-58CCC8C605F9}.Release|Any CPU.ActiveCfg = Release|Any CPU
		{A4F8501D-919F-45E8-96DD-58CCC8C605F9}.Release|Any CPU.Build.0 = Release|Any CPU
		{7F746C19-3150-4766-98A3-265FB49AC908}.Debug|Any CPU.ActiveCfg = Debug|Any CPU
		{7F746C19-3150-4766-98A3-265FB49AC908}.Debug|Any CPU.Build.0 = Debug|Any CPU
		{7F746C19-3150-4766-98A3-265FB49AC908}.Release|Any CPU.ActiveCfg = Release|Any CPU
		{7F746C19-3150-4766-98A3-265FB49AC908}.Release|Any CPU.Build.0 = Release|Any CPU
		{56AC22AC-E072-4E97-9E99-BA9782DA66FB}.Debug|Any CPU.ActiveCfg = Debug|Any CPU
		{56AC22AC-E072-4E97-9E99-BA9782DA66FB}.Debug|Any CPU.Build.0 = Debug|Any CPU
		{56AC22AC-E072-4E97-9E99-BA9782DA66FB}.Release|Any CPU.ActiveCfg = Release|Any CPU
		{56AC22AC-E072-4E97-9E99-BA9782DA66FB}.Release|Any CPU.Build.0 = Release|Any CPU
		{E2CBEF8F-A3A9-4AAC-886B-3506A8BFA1BC}.Debug|Any CPU.ActiveCfg = Debug|Any CPU
		{E2CBEF8F-A3A9-4AAC-886B-3506A8BFA1BC}.Debug|Any CPU.Build.0 = Debug|Any CPU
		{E2CBEF8F-A3A9-4AAC-886B-3506A8BFA1BC}.Release|Any CPU.ActiveCfg = Release|Any CPU
		{E2CBEF8F-A3A9-4AAC-886B-3506A8BFA1BC}.Release|Any CPU.Build.0 = Release|Any CPU
		{CEF65421-0CEB-4485-A4ED-9F503601DEE3}.Debug|Any CPU.ActiveCfg = Debug|Any CPU
		{CEF65421-0CEB-4485-A4ED-9F503601DEE3}.Debug|Any CPU.Build.0 = Debug|Any CPU
		{CEF65421-0CEB-4485-A4ED-9F503601DEE3}.Release|Any CPU.ActiveCfg = Release|Any CPU
		{CEF65421-0CEB-4485-A4ED-9F503601DEE3}.Release|Any CPU.Build.0 = Release|Any CPU
	EndGlobalSection
	GlobalSection(NestedProjects) = preSolution
		{A4F8501D-919F-45E8-96DD-58CCC8C605F9} = {C969814F-1565-4465-A349-1EEB1153A3E0}
		{7F746C19-3150-4766-98A3-265FB49AC908} = {C969814F-1565-4465-A349-1EEB1153A3E0}
		{56AC22AC-E072-4E97-9E99-BA9782DA66FB} = {653762B6-9C8D-4C77-AE77-C19287CE8D84}
		{E2CBEF8F-A3A9-4AAC-886B-3506A8BFA1BC} = {653762B6-9C8D-4C77-AE77-C19287CE8D84}
		{CEF65421-0CEB-4485-A4ED-9F503601DEE3} = {3E572F24-2766-4E63-A7D5-10BE24D1416A}
	EndGlobalSection
EndGlobal
